
Microsoft Visual Studio Solution File, Format Version 12.00
# Visual Studio Version 16
VisualStudioVersion = 16.0.30717.126
MinimumVisualStudioVersion = 10.0.40219.1
Project("{8BC9CEB8-8B4A-11D0-8D11-00A0C91BC942}") = "1512623_Lab01", "1512623_Lab01\1512623_Lab01.vcxproj", "{09FE89E1-836B-46E8-A1B7-4A63E30CFB65}"
EndProject
Global
	GlobalSection(SolutionConfigurationPlatforms) = preSolution
		Debug|x64 = Debug|x64
		Debug|x86 = Debug|x86
		Release|x64 = Release|x64
		Release|x86 = Release|x86
	EndGlobalSection
	GlobalSection(ProjectConfigurationPlatforms) = postSolution
		{09FE89E1-836B-46E8-A1B7-4A63E30CFB65}.Debug|x64.ActiveCfg = Debug|x64
		{09FE89E1-836B-46E8-A1B7-4A63E30CFB65}.Debug|x64.Build.0 = Debug|x64
		{09FE89E1-836B-46E8-A1B7-4A63E30CFB65}.Debug|x86.ActiveCfg = Debug|Win32
		{09FE89E1-836B-46E8-A1B7-4A63E30CFB65}.Debug|x86.Build.0 = Debug|Win32
		{09FE89E1-836B-46E8-A1B7-4A63E30CFB65}.Release|x64.ActiveCfg = Release|x64
		{09FE89E1-836B-46E8-A1B7-4A63E30CFB65}.Release|x64.Build.0 = Release|x64
		{09FE89E1-836B-46E8-A1B7-4A63E30CFB65}.Release|x86.ActiveCfg = Release|Win32
		{09FE89E1-836B-46E8-A1B7-4A63E30CFB65}.Release|x86.Build.0 = Release|Win32
	EndGlobalSection
	GlobalSection(SolutionProperties) = preSolution
		HideSolutionNode = FALSE
	EndGlobalSection
	GlobalSection(ExtensibilityGlobals) = postSolution
		SolutionGuid = {85AE35A4-151C-45D5-B8CE-6980A94D1470}
	EndGlobalSection
EndGlobal
